PODS:
  - AWSCore (2.12.7)
  - AWSIoT (2.12.7):
    - AWSCore (= 2.12.7)
  - SwiftFormat/CLI (0.44.2)
  - SwiftLint (0.39.1)

DEPENDENCIES:
  - AWSIoT
  - SwiftFormat/CLI
  - SwiftLint

SPEC REPOS:
  trunk:
    - AWSCore
    - AWSIoT
    - SwiftFormat
    - SwiftLint

SPEC CHECKSUMS:
  AWSCore: 2f0f88ae94a63a198274d683c7d0e18709d7090b
  AWSIoT: 7e6bc2899c38ef93d7a2f7db933fef26d74d8c8e
  SwiftFormat: 53968b5cc5d466727e796f789fa9be6c38da34cb
  SwiftLint: 55e96a4a4d537d4a3156859fc1c54bd24851a046

PODFILE CHECKSUM: cbec781e91646505adad1612ba0fdba3ec916720

COCOAPODS: 1.8.4
