PODS:
  - AWSCore (2.12.5)
  - AWSIoT (2.12.5):
    - AWSCore (= 2.12.5)
  - SwiftFormat/CLI (0.43.5)
  - SwiftLint (0.38.2)

DEPENDENCIES:
  - AWSIoT
  - SwiftFormat/CLI
  - SwiftLint

SPEC REPOS:
  trunk:
    - AWSCore
    - AWSIoT
    - SwiftFormat
    - SwiftLint

SPEC CHECKSUMS:
  AWSCore: 543d1c281ad08401d0a99e181526aa529051a8ad
  AWSIoT: 09549f30b376fc08c125f78757fbf4df7d4c94d9
  SwiftFormat: 352ea545e3e13cfd7a449e621c1f3c2e244d4906
  SwiftLint: 8f5d2f903e1c9bcbc832fd16771e80a263ac6cbb

PODFILE CHECKSUM: cbec781e91646505adad1612ba0fdba3ec916720

COCOAPODS: 1.8.4
