// !$*UTF8*$!
{
	archiveVersion = 1;
	classes = {
	};
	objectVersion = 50;
	objects = {

/* Begin PBXBuildFile section */
		015BC2FEFF42FD7BE5C2C356DC295B74 /* Array+FreeRTOS.swift in Sources */ = {isa = PBXBuildFile; fileRef = 7D5500F02656AA84E75DC4C3E7139E78 /* Array+FreeRTOS.swift */; };
		0479E5CCB58C1ACF558A6FDA565F0B8C /* AfrVersion.swift in Sources */ = {isa = PBXBuildFile; fileRef = 8C8862404A7A63AB727875D96C7DE1FF /* AfrVersion.swift */; };
		06EDC5B6BDA6EF2D0F6D666C0DDD867B /* String+FreeRTOS.swift in Sources */ = {isa = PBXBuildFile; fileRef = 651E602950886A9AC46A5874ED0994CC /* String+FreeRTOS.swift */; };
		0C9A066B63B652550BC5360194A8CCA4 /* AWSAfrConstants.swift in Sources */ = {isa = PBXBuildFile; fileRef = A44D4712FAB31A90C04B52D0321825CF /* AWSAfrConstants.swift */; };
		0D6C8B6E2A192EC049ADD1AF51DF1E40 /* DeleteNetworkResp.swift in Sources */ = {isa = PBXBuildFile; fileRef = C2DC7168E61A18F7DC2D9734B6A9CC5B /* DeleteNetworkResp.swift */; };
		0E63FFA7511A8BC465485C008E8EAF13 /* Connect.swift in Sources */ = {isa = PBXBuildFile; fileRef = A955B83CB09AED121FF4718D708262CE /* Connect.swift */; };
		10FA1F0C6C8472294966C16009616D47 /* AmazonConstants.swift in Sources */ = {isa = PBXBuildFile; fileRef = FA80C2C7809872CB4D5D0A1A2CE4ECC9 /* AmazonConstants.swift */; };
		12598519358F9A6D11967CB917370A0A /* UITableView+Amazon.swift in Sources */ = {isa = PBXBuildFile; fileRef = 93590E727C2B43013C17FB7EA3C9F765 /* UITableView+Amazon.swift */; };
		13E4977B36A1AE085DF3D84AE0E68B03 /* CBPeripheral+FreeRTOS.swift in Sources */ = {isa = PBXBuildFile; fileRef = 9095407FECAF68D07B7F880FF6EAB420 /* CBPeripheral+FreeRTOS.swift */; };
		15A1738D7B5E4992F4706E210C70CA1E /* NetworkConfigViewController.swift in Sources */ = {isa = PBXBuildFile; fileRef = 665E4F7AD62B200342ED4EE0E99CEC79 /* NetworkConfigViewController.swift */; };
		1C4FAE40D8616B2026107D1EC91BC97F /* DebugViewController.swift in Sources */ = {isa = PBXBuildFile; fileRef = 133DA190B200A6A5709D99F4282D9EA5 /* DebugViewController.swift */; };
		1D6B6D44AFA7AF2E3DB0FA0A047267BC /* AmazonEmber_Md.ttf in Resources */ = {isa = PBXBuildFile; fileRef = AE44C0FD8945D98C4D57825AF9276407 /* AmazonEmber_Md.ttf */; };
		1DDC83343260ECD7970ED7EEC9EC52FE /* Subscribe.swift in Sources */ = {isa = PBXBuildFile; fileRef = CC660B745669D216FBA734FCC341F5A5 /* Subscribe.swift */; };
		214E646021780477BAA912606ADA67C7 /* Main.storyboard in Resources */ = {isa = PBXBuildFile; fileRef = 05D08B3E693E7A42097EC1BF6FA8716A /* Main.storyboard */; };
		2538C3982430DF5B17BB98B6AE09E346 /* NSNotification.Name+FreeRTOS.swift in Sources */ = {isa = PBXBuildFile; fileRef = 95EE3F192885CC9A3D85137E015021FB /* NSNotification.Name+FreeRTOS.swift */; };
		2F08B55D383574E33A1C820C3BE6A24D /* Control.swift in Sources */ = {isa = PBXBuildFile; fileRef = C67D4DEBECFEEA5788A2F7D8844E3D51 /* Control.swift */; };
		39622E7079740602A4643426C8F6E446 /* UIViewController+Amazon.swift in Sources */ = {isa = PBXBuildFile; fileRef = BFF47CE748702E3C71DB6F9F058710F7 /* UIViewController+Amazon.swift */; };
		3ED9F395F30657E24B68A721CDDECD81 /* ListNetworkResp.swift in Sources */ = {isa = PBXBuildFile; fileRef = ACC21DAB3AC0D4B5B7B91839F463BA8F /* ListNetworkResp.swift */; };
		44597CA45FF4ABD0FA31F2C3AAD7A0A7 /* Pods_FreeRTOSDemo.framework in Frameworks */ = {isa = PBXBuildFile; fileRef = AA57B338360B72CEF0EBD3975ABAEB9D /* Pods_FreeRTOSDemo.framework */; };
		4C3153B65674FA023B794CB9E5A77863 /* CBCharacteristicProperties+Amazon.swift in Sources */ = {isa = PBXBuildFile; fileRef = F6FCD0FFFB826197B583C4D86529DDCE /* CBCharacteristicProperties+Amazon.swift */; };
		4D16CF4CDCC4219ADCD6B69AC4280722 /* EditNetworkResp.swift in Sources */ = {isa = PBXBuildFile; fileRef = 97BA2F6DF2615EEF98B09716022D811B /* EditNetworkResp.swift */; };
		4EA5543FE45C1F7E4884541646537BCD /* DeviceCell.swift in Sources */ = {isa = PBXBuildFile; fileRef = 9EF1D994630F91B48D11DD0EA7B040D2 /* DeviceCell.swift */; };
		5D87F79908DFD65D830F425D160D22B3 /* AmazonEmber_Bd.ttf in Resources */ = {isa = PBXBuildFile; fileRef = BA10183734CF117A0A18236A1E170C1A /* AmazonEmber_Bd.ttf */; };
		6504066E97C2D20B55A920095DA58D3C /* UITextView+Amazon.swift in Sources */ = {isa = PBXBuildFile; fileRef = A8A8F308C072577E9505853393DA4B1C /* UITextView+Amazon.swift */; };
		6A9F7BA7E1DBD5C95BC12454767E2D7F /* Publish.swift in Sources */ = {isa = PBXBuildFile; fileRef = 1D3BCD213B237F2F28B1B0E2ED4D3E36 /* Publish.swift */; };
		6DA5FCB986601C0E96C5CE507FFC65C8 /* DevicesViewController.swift in Sources */ = {isa = PBXBuildFile; fileRef = 6A0786A05DF5D53043D262D62B19E760 /* DevicesViewController.swift */; };
		7176DEA3DF649CF92D6FB8A477427422 /* Suback.swift in Sources */ = {isa = PBXBuildFile; fileRef = 1DBDAC4F38BDD1798D5242DE254D18CD /* Suback.swift */; };
		7853D7F4D060F2DD9AF4FDB303EDB79F /* SaveNetworkReq.swift in Sources */ = {isa = PBXBuildFile; fileRef = A42372690352E9BF16EB2798B4DE27CA /* SaveNetworkReq.swift */; };
		89E4FDB44588270878F47FA3AB20385C /* AWSAfrEnums.swift in Sources */ = {isa = PBXBuildFile; fileRef = E767D8890332B7667EA04963926E73CF /* AWSAfrEnums.swift */; };
		8EB16544C4483D7B695BB37CA57ED695 /* CBService+FreeRTOS.swift in Sources */ = {isa = PBXBuildFile; fileRef = 0DE6D29474AF445343421EB0492A5A8F /* CBService+FreeRTOS.swift */; };
		95AABE45CE595F6671A8BC3ED5543E84 /* Settings.bundle in Resources */ = {isa = PBXBuildFile; fileRef = 5E6332F45A02390D176BB0FD0318AC7F /* Settings.bundle */; };
		9B5D74EB20E82431414DDCA5C0BD91D7 /* Disconnect.swift in Sources */ = {isa = PBXBuildFile; fileRef = 6CB2882E88B5073A2BBA7C24CEEC7C60 /* Disconnect.swift */; };
		9E77809B53202D4FCC596E4EF281876C /* NetworkCell.swift in Sources */ = {isa = PBXBuildFile; fileRef = 9681B4DE8DC0A5992CE914497D89CAB5 /* NetworkCell.swift */; };
		A762932767FBE1451F2CE2655BCCAF42 /* Unsubscribe.swift in Sources */ = {isa = PBXBuildFile; fileRef = 074AC4E6352A07316C7CD7F6E5E11963 /* Unsubscribe.swift */; };
		A7EA94581A5190911DC3163316873554 /* MqttProxyViewController.swift in Sources */ = {isa = PBXBuildFile; fileRef = 12FD6E656A820D9D2571112F42E9ECAA /* MqttProxyViewController.swift */; };
		AA1CB3CB26D70896AF675BC79DD7B9F4 /* Puback.swift in Sources */ = {isa = PBXBuildFile; fileRef = 3F5659FCD07EC47F30AF20182D6DC92D /* Puback.swift */; };
		B2BF4BB5AC5462E4ED21E9B6016F7B0C /* AWSAfrManager.swift in Sources */ = {isa = PBXBuildFile; fileRef = 0653AA2F8416EB3322A3564299AAC0B2 /* AWSAfrManager.swift */; };
		B97C3992CE70C234A21BB0092AE3F5B1 /* CharacteristicCell.swift in Sources */ = {isa = PBXBuildFile; fileRef = F13071F6756CA70D8F19A0C1A4FF7B35 /* CharacteristicCell.swift */; };
		BF039AC4F1C6B07BE91D449BA884A923 /* CustomGattMqttViewController.swift in Sources */ = {isa = PBXBuildFile; fileRef = 09D9FB611F7B453166CD33857E4B12EE /* CustomGattMqttViewController.swift */; };
		C06D0DB11F1A0F0FC2FE7DBCAD8D4273 /* AppDelegate.swift in Sources */ = {isa = PBXBuildFile; fileRef = 6FA3FF38FC0944368242A0BB5C13424D /* AppDelegate.swift */; };
		C2B85FA25877F8309996D9D34ADB706D /* Assets.xcassets in Resources */ = {isa = PBXBuildFile; fileRef = FA4D439731E2210306AA0AF3B2F3FA16 /* Assets.xcassets */; };
		CBF5A354D9C7B93F78B571BF00EEFF02 /* AmazonEmber_Rg.ttf in Resources */ = {isa = PBXBuildFile; fileRef = 311E38F361B340FB28F8554752A71BB0 /* AmazonEmber_Rg.ttf */; };
		CCA706FE4248C4B57E927F2FEF11D0F1 /* MqttProxyMessage.swift in Sources */ = {isa = PBXBuildFile; fileRef = E12B2EE8FC9F0B2EEE7B5F846542F2F2 /* MqttProxyMessage.swift */; };
		D715CA01202DD6D84106FD84F8722C3E /* EditNetworkReq.swift in Sources */ = {isa = PBXBuildFile; fileRef = 7B651CF9A7E8089E759592747C6AC73C /* EditNetworkReq.swift */; };
		DF17A84C20EF934843C1D60BCC22E83A /* Mtu.swift in Sources */ = {isa = PBXBuildFile; fileRef = EC135C8135B9A0ECBA51618CEB2BAF4F /* Mtu.swift */; };
		E6ADDCCD80600477946E503F89C4978C /* awsconfiguration.json in Resources */ = {isa = PBXBuildFile; fileRef = 35D8B9F080CCE671BCECEB2176F15583 /* awsconfiguration.json */; };
		E7EFA4C427D200CB637CB3D527ECD344 /* DeleteNetworkReq.swift in Sources */ = {isa = PBXBuildFile; fileRef = 796EA41702C2A25E760BB0AFBF5F09E8 /* DeleteNetworkReq.swift */; };
		E9762AE90E1415C72DB06EFC73E16074 /* BrokerEndpoint.swift in Sources */ = {isa = PBXBuildFile; fileRef = 2D6906BD1B2867B7E0F1B625D94E203D /* BrokerEndpoint.swift */; };
		EAE8EE450942F0842742516F335AA2F9 /* LaunchScreen.storyboard in Resources */ = {isa = PBXBuildFile; fileRef = E33CC968574D3BC63AEE0CF17176FD2D /* LaunchScreen.storyboard */; };
		EB606D500CB262E45D012FA7D8403937 /* Colors.xcassets in Resources */ = {isa = PBXBuildFile; fileRef = 584B64D9B0C22B53F95A69ECD8F24A12 /* Colors.xcassets */; };
		EE05A88EBE393361FAA4D83EED0DA4E8 /* Unsuback.swift in Sources */ = {isa = PBXBuildFile; fileRef = A29E5911E8040860E0EB4F98F8AFB6FD /* Unsuback.swift */; };
		F00FC0106A6305FB87DD244E20F40EE7 /* ListNetworkReq.swift in Sources */ = {isa = PBXBuildFile; fileRef = 763AED6DE0A868C1CD71518DD73032F7 /* ListNetworkReq.swift */; };
		F87848DB37BE31D8343C1D7261021351 /* SectionHeaderCell.swift in Sources */ = {isa = PBXBuildFile; fileRef = 4F35E8249001B55EB36B31B1BC51835F /* SectionHeaderCell.swift */; };
		FC35B3ED9D35AD9E0567BE8168116448 /* SaveNetworkResp.swift in Sources */ = {isa = PBXBuildFile; fileRef = 12B59D914CCF7DA37C8E2F15747D6A0E /* SaveNetworkResp.swift */; };
		FE058478842C8D725378A7434240748E /* Connack.swift in Sources */ = {isa = PBXBuildFile; fileRef = D84F813C1DD9D9C666F4F3C392E8BC15 /* Connack.swift */; };
/* End PBXBuildFile section */

/* Begin PBXFileReference section */
		0653AA2F8416EB3322A3564299AAC0B2 /* AWSAfrManager.swift */ = {isa = PBXFileReference; lastKnownFileType = sourcecode.swift; path = AWSAfrManager.swift; sourceTree = "<group>"; };
		074AC4E6352A07316C7CD7F6E5E11963 /* Unsubscribe.swift */ = {isa = PBXFileReference; lastKnownFileType = sourcecode.swift; path = Unsubscribe.swift; sourceTree = "<group>"; };
		09D9FB611F7B453166CD33857E4B12EE /* CustomGattMqttViewController.swift */ = {isa = PBXFileReference; lastKnownFileType = sourcecode.swift; path = CustomGattMqttViewController.swift; sourceTree = "<group>"; };
		0DE6D29474AF445343421EB0492A5A8F /* CBService+FreeRTOS.swift */ = {isa = PBXFileReference; lastKnownFileType = sourcecode.swift; path = "CBService+FreeRTOS.swift"; sourceTree = "<group>"; };
		12B59D914CCF7DA37C8E2F15747D6A0E /* SaveNetworkResp.swift */ = {isa = PBXFileReference; lastKnownFileType = sourcecode.swift; path = SaveNetworkResp.swift; sourceTree = "<group>"; };
		12FD6E656A820D9D2571112F42E9ECAA /* MqttProxyViewController.swift */ = {isa = PBXFileReference; lastKnownFileType = sourcecode.swift; path = MqttProxyViewController.swift; sourceTree = "<group>"; };
		133DA190B200A6A5709D99F4282D9EA5 /* DebugViewController.swift */ = {isa = PBXFileReference; lastKnownFileType = sourcecode.swift; path = DebugViewController.swift; sourceTree = "<group>"; };
		1D3BCD213B237F2F28B1B0E2ED4D3E36 /* Publish.swift */ = {isa = PBXFileReference; lastKnownFileType = sourcecode.swift; path = Publish.swift; sourceTree = "<group>"; };
		1DBDAC4F38BDD1798D5242DE254D18CD /* Suback.swift */ = {isa = PBXFileReference; lastKnownFileType = sourcecode.swift; path = Suback.swift; sourceTree = "<group>"; };
		252DDE84759D027E766B3CD268CD0C06 /* Pods-FreeRTOSDemo.debug.xcconfig */ = {isa = PBXFileReference; includeInIndex = 1; lastKnownFileType = text.xcconfig; name = "Pods-FreeRTOSDemo.debug.xcconfig"; path = "Pods/Target Support Files/Pods-FreeRTOSDemo/Pods-FreeRTOSDemo.debug.xcconfig"; sourceTree = "<group>"; };
		2D6906BD1B2867B7E0F1B625D94E203D /* BrokerEndpoint.swift */ = {isa = PBXFileReference; lastKnownFileType = sourcecode.swift; path = BrokerEndpoint.swift; sourceTree = "<group>"; };
		311E38F361B340FB28F8554752A71BB0 /* AmazonEmber_Rg.ttf */ = {isa = PBXFileReference; lastKnownFileType = file; path = AmazonEmber_Rg.ttf; sourceTree = "<group>"; };
		35D8B9F080CCE671BCECEB2176F15583 /* awsconfiguration.json */ = {isa = PBXFileReference; fileEncoding = 4; lastKnownFileType = text.json; path = awsconfiguration.json; sourceTree = "<group>"; };
		3F5659FCD07EC47F30AF20182D6DC92D /* Puback.swift */ = {isa = PBXFileReference; lastKnownFileType = sourcecode.swift; path = Puback.swift; sourceTree = "<group>"; };
		4F35E8249001B55EB36B31B1BC51835F /* SectionHeaderCell.swift */ = {isa = PBXFileReference; lastKnownFileType = sourcecode.swift; path = SectionHeaderCell.swift; sourceTree = "<group>"; };
		584B64D9B0C22B53F95A69ECD8F24A12 /* Colors.xcassets */ = {isa = PBXFileReference; lastKnownFileType = folder.assetcatalog; path = Colors.xcassets; sourceTree = "<group>"; };
		5E6332F45A02390D176BB0FD0318AC7F /* Settings.bundle */ = {isa = PBXFileReference; lastKnownFileType = "wrapper.plug-in"; path = Settings.bundle; sourceTree = "<group>"; };
		651E602950886A9AC46A5874ED0994CC /* String+FreeRTOS.swift */ = {isa = PBXFileReference; lastKnownFileType = sourcecode.swift; path = "String+FreeRTOS.swift"; sourceTree = "<group>"; };
		665E4F7AD62B200342ED4EE0E99CEC79 /* NetworkConfigViewController.swift */ = {isa = PBXFileReference; lastKnownFileType = sourcecode.swift; path = NetworkConfigViewController.swift; sourceTree = "<group>"; };
		6A0786A05DF5D53043D262D62B19E760 /* DevicesViewController.swift */ = {isa = PBXFileReference; lastKnownFileType = sourcecode.swift; path = DevicesViewController.swift; sourceTree = "<group>"; };
		6CB2882E88B5073A2BBA7C24CEEC7C60 /* Disconnect.swift */ = {isa = PBXFileReference; lastKnownFileType = sourcecode.swift; path = Disconnect.swift; sourceTree = "<group>"; };
		6FA3FF38FC0944368242A0BB5C13424D /* AppDelegate.swift */ = {isa = PBXFileReference; lastKnownFileType = sourcecode.swift; path = AppDelegate.swift; sourceTree = "<group>"; };
		763AED6DE0A868C1CD71518DD73032F7 /* ListNetworkReq.swift */ = {isa = PBXFileReference; lastKnownFileType = sourcecode.swift; path = ListNetworkReq.swift; sourceTree = "<group>"; };
		796EA41702C2A25E760BB0AFBF5F09E8 /* DeleteNetworkReq.swift */ = {isa = PBXFileReference; lastKnownFileType = sourcecode.swift; path = DeleteNetworkReq.swift; sourceTree = "<group>"; };
		7B651CF9A7E8089E759592747C6AC73C /* EditNetworkReq.swift */ = {isa = PBXFileReference; lastKnownFileType = sourcecode.swift; path = EditNetworkReq.swift; sourceTree = "<group>"; };
		7D5500F02656AA84E75DC4C3E7139E78 /* Array+FreeRTOS.swift */ = {isa = PBXFileReference; lastKnownFileType = sourcecode.swift; path = "Array+FreeRTOS.swift"; sourceTree = "<group>"; };
		7E82C693FF20BBCC700D73543C9C57C1 /* Base */ = {isa = PBXFileReference; lastKnownFileType = file.storyboard; name = Base; path = Base.lproj/LaunchScreen.storyboard; sourceTree = "<group>"; };
		8C8862404A7A63AB727875D96C7DE1FF /* AfrVersion.swift */ = {isa = PBXFileReference; lastKnownFileType = sourcecode.swift; path = AfrVersion.swift; sourceTree = "<group>"; };
		9095407FECAF68D07B7F880FF6EAB420 /* CBPeripheral+FreeRTOS.swift */ = {isa = PBXFileReference; lastKnownFileType = sourcecode.swift; path = "CBPeripheral+FreeRTOS.swift"; sourceTree = "<group>"; };
		93590E727C2B43013C17FB7EA3C9F765 /* UITableView+Amazon.swift */ = {isa = PBXFileReference; lastKnownFileType = sourcecode.swift; path = "UITableView+Amazon.swift"; sourceTree = "<group>"; };
		95EE3F192885CC9A3D85137E015021FB /* NSNotification.Name+FreeRTOS.swift */ = {isa = PBXFileReference; lastKnownFileType = sourcecode.swift; path = "NSNotification.Name+FreeRTOS.swift"; sourceTree = "<group>"; };
		9681B4DE8DC0A5992CE914497D89CAB5 /* NetworkCell.swift */ = {isa = PBXFileReference; lastKnownFileType = sourcecode.swift; path = NetworkCell.swift; sourceTree = "<group>"; };
		9704E58A7E5788430932B16BBABA4993 /* Pods-FreeRTOSDemo.release.xcconfig */ = {isa = PBXFileReference; includeInIndex = 1; lastKnownFileType = text.xcconfig; name = "Pods-FreeRTOSDemo.release.xcconfig"; path = "Pods/Target Support Files/Pods-FreeRTOSDemo/Pods-FreeRTOSDemo.release.xcconfig"; sourceTree = "<group>"; };
		97BA2F6DF2615EEF98B09716022D811B /* EditNetworkResp.swift */ = {isa = PBXFileReference; lastKnownFileType = sourcecode.swift; path = EditNetworkResp.swift; sourceTree = "<group>"; };
		9EF1D994630F91B48D11DD0EA7B040D2 /* DeviceCell.swift */ = {isa = PBXFileReference; lastKnownFileType = sourcecode.swift; path = DeviceCell.swift; sourceTree = "<group>"; };
		A29E5911E8040860E0EB4F98F8AFB6FD /* Unsuback.swift */ = {isa = PBXFileReference; lastKnownFileType = sourcecode.swift; path = Unsuback.swift; sourceTree = "<group>"; };
		A42372690352E9BF16EB2798B4DE27CA /* SaveNetworkReq.swift */ = {isa = PBXFileReference; lastKnownFileType = sourcecode.swift; path = SaveNetworkReq.swift; sourceTree = "<group>"; };
		A44D4712FAB31A90C04B52D0321825CF /* AWSAfrConstants.swift */ = {isa = PBXFileReference; lastKnownFileType = sourcecode.swift; path = AWSAfrConstants.swift; sourceTree = "<group>"; };
		A8A8F308C072577E9505853393DA4B1C /* UITextView+Amazon.swift */ = {isa = PBXFileReference; lastKnownFileType = sourcecode.swift; path = "UITextView+Amazon.swift"; sourceTree = "<group>"; };
		A955B83CB09AED121FF4718D708262CE /* Connect.swift */ = {isa = PBXFileReference; lastKnownFileType = sourcecode.swift; path = Connect.swift; sourceTree = "<group>"; };
		AA57B338360B72CEF0EBD3975ABAEB9D /* Pods_FreeRTOSDemo.framework */ = {isa = PBXFileReference; explicitFileType = wrapper.framework; includeInIndex = 0; path = Pods_FreeRTOSDemo.framework; sourceTree = BUILT_PRODUCTS_DIR; };
		ACC21DAB3AC0D4B5B7B91839F463BA8F /* ListNetworkResp.swift */ = {isa = PBXFileReference; lastKnownFileType = sourcecode.swift; path = ListNetworkResp.swift; sourceTree = "<group>"; };
		AE44C0FD8945D98C4D57825AF9276407 /* AmazonEmber_Md.ttf */ = {isa = PBXFileReference; lastKnownFileType = file; path = AmazonEmber_Md.ttf; sourceTree = "<group>"; };
		BA10183734CF117A0A18236A1E170C1A /* AmazonEmber_Bd.ttf */ = {isa = PBXFileReference; lastKnownFileType = file; path = AmazonEmber_Bd.ttf; sourceTree = "<group>"; };
		BE333B9E808FFF51EE04689DB547F6BD /* FreeRTOSDemo.app */ = {isa = PBXFileReference; explicitFileType = wrapper.application; includeInIndex = 0; path = FreeRTOSDemo.app; sourceTree = BUILT_PRODUCTS_DIR; };
		BFF47CE748702E3C71DB6F9F058710F7 /* UIViewController+Amazon.swift */ = {isa = PBXFileReference; lastKnownFileType = sourcecode.swift; path = "UIViewController+Amazon.swift"; sourceTree = "<group>"; };
		C2DC7168E61A18F7DC2D9734B6A9CC5B /* DeleteNetworkResp.swift */ = {isa = PBXFileReference; lastKnownFileType = sourcecode.swift; path = DeleteNetworkResp.swift; sourceTree = "<group>"; };
		C67D4DEBECFEEA5788A2F7D8844E3D51 /* Control.swift */ = {isa = PBXFileReference; lastKnownFileType = sourcecode.swift; path = Control.swift; sourceTree = "<group>"; };
		CC660B745669D216FBA734FCC341F5A5 /* Subscribe.swift */ = {isa = PBXFileReference; lastKnownFileType = sourcecode.swift; path = Subscribe.swift; sourceTree = "<group>"; };
		D84F813C1DD9D9C666F4F3C392E8BC15 /* Connack.swift */ = {isa = PBXFileReference; lastKnownFileType = sourcecode.swift; path = Connack.swift; sourceTree = "<group>"; };
		E12B2EE8FC9F0B2EEE7B5F846542F2F2 /* MqttProxyMessage.swift */ = {isa = PBXFileReference; lastKnownFileType = sourcecode.swift; path = MqttProxyMessage.swift; sourceTree = "<group>"; };
		E767D8890332B7667EA04963926E73CF /* AWSAfrEnums.swift */ = {isa = PBXFileReference; lastKnownFileType = sourcecode.swift; path = AWSAfrEnums.swift; sourceTree = "<group>"; };
		EC135C8135B9A0ECBA51618CEB2BAF4F /* Mtu.swift */ = {isa = PBXFileReference; lastKnownFileType = sourcecode.swift; path = Mtu.swift; sourceTree = "<group>"; };
		F13071F6756CA70D8F19A0C1A4FF7B35 /* CharacteristicCell.swift */ = {isa = PBXFileReference; lastKnownFileType = sourcecode.swift; path = CharacteristicCell.swift; sourceTree = "<group>"; };
		F3C3D30606E1AC390C90FF46D434DD37 /* Base */ = {isa = PBXFileReference; lastKnownFileType = file.storyboard; name = Base; path = Base.lproj/Main.storyboard; sourceTree = "<group>"; };
		F6FCD0FFFB826197B583C4D86529DDCE /* CBCharacteristicProperties+Amazon.swift */ = {isa = PBXFileReference; lastKnownFileType = sourcecode.swift; path = "CBCharacteristicProperties+Amazon.swift"; sourceTree = "<group>"; };
		F8BFE72A7CD0207895B7498886AD0B7B /* Info.plist */ = {isa = PBXFileReference; lastKnownFileType = text.plist.xml; path = Info.plist; sourceTree = "<group>"; };
		FA4D439731E2210306AA0AF3B2F3FA16 /* Assets.xcassets */ = {isa = PBXFileReference; lastKnownFileType = folder.assetcatalog; path = Assets.xcassets; sourceTree = "<group>"; };
		FA80C2C7809872CB4D5D0A1A2CE4ECC9 /* AmazonConstants.swift */ = {isa = PBXFileReference; lastKnownFileType = sourcecode.swift; path = AmazonConstants.swift; sourceTree = "<group>"; };
/* End PBXFileReference section */

/* Begin PBXFrameworksBuildPhase section */
		67819881C61269212CDEB2E02AF9B827 /* Frameworks */ = {
			isa = PBXFrameworksBuildPhase;
			buildActionMask = 2147483647;
			files = (
				44597CA45FF4ABD0FA31F2C3AAD7A0A7 /* Pods_FreeRTOSDemo.framework in Frameworks */,
			);
			runOnlyForDeploymentPostprocessing = 0;
		};
/* End PBXFrameworksBuildPhase section */

/* Begin PBXGroup section */
		07917EE14B61211ECC058F7776F8F13E /* Examples */ = {
			isa = PBXGroup;
			children = (
				09D9FB611F7B453166CD33857E4B12EE /* CustomGattMqttViewController.swift */,
				12FD6E656A820D9D2571112F42E9ECAA /* MqttProxyViewController.swift */,
				665E4F7AD62B200342ED4EE0E99CEC79 /* NetworkConfigViewController.swift */,
			);
			path = Examples;
			sourceTree = "<group>";
		};
		1161E8FC70D38A67D26A82806979F7A5 = {
			isa = PBXGroup;
			children = (
				1F48BAA3F25F7414772896F21446F53D /* Frameworks */,
				1612E319DD1C4019075FDD7B40618052 /* FreeRTOS */,
				B0157445ACD584A9A287DB25DCA97F7D /* FreeRTOSDemo */,
				62EA0340AEE31956CB74B8373C408627 /* Pods */,
				66C80D97F2501DF82893E392F8A07D61 /* Products */,
			);
			sourceTree = "<group>";
		};
		1612E319DD1C4019075FDD7B40618052 /* FreeRTOS */ = {
			isa = PBXGroup;
			children = (
				FE7A9448CAB92636AC548FB3632DB544 /* Extensions */,
				D2E181107D089EAC411B1A9ADFF2C70B /* Services */,
				A44D4712FAB31A90C04B52D0321825CF /* AWSAfrConstants.swift */,
				E767D8890332B7667EA04963926E73CF /* AWSAfrEnums.swift */,
				0653AA2F8416EB3322A3564299AAC0B2 /* AWSAfrManager.swift */,
			);
			path = FreeRTOS;
			sourceTree = "<group>";
		};
		1F48BAA3F25F7414772896F21446F53D /* Frameworks */ = {
			isa = PBXGroup;
			children = (
				AA57B338360B72CEF0EBD3975ABAEB9D /* Pods_FreeRTOSDemo.framework */,
			);
			name = Frameworks;
			sourceTree = "<group>";
		};
		20BF07F1F33697B6BCE8B24885073877 /* Cells */ = {
			isa = PBXGroup;
			children = (
				F13071F6756CA70D8F19A0C1A4FF7B35 /* CharacteristicCell.swift */,
				9EF1D994630F91B48D11DD0EA7B040D2 /* DeviceCell.swift */,
				9681B4DE8DC0A5992CE914497D89CAB5 /* NetworkCell.swift */,
				4F35E8249001B55EB36B31B1BC51835F /* SectionHeaderCell.swift */,
			);
			path = Cells;
			sourceTree = "<group>";
		};
		253620ED0918E4995DD3818EBA67E435 /* UI */ = {
			isa = PBXGroup;
			children = (
				E33CC968574D3BC63AEE0CF17176FD2D /* LaunchScreen.storyboard */,
				05D08B3E693E7A42097EC1BF6FA8716A /* Main.storyboard */,
			);
			path = UI;
			sourceTree = "<group>";
		};
		4C7BDCF9731C0C593BF3FD25A48B065A /* NetworkConfig */ = {
			isa = PBXGroup;
			children = (
				796EA41702C2A25E760BB0AFBF5F09E8 /* DeleteNetworkReq.swift */,
				C2DC7168E61A18F7DC2D9734B6A9CC5B /* DeleteNetworkResp.swift */,
				7B651CF9A7E8089E759592747C6AC73C /* EditNetworkReq.swift */,
				97BA2F6DF2615EEF98B09716022D811B /* EditNetworkResp.swift */,
				763AED6DE0A868C1CD71518DD73032F7 /* ListNetworkReq.swift */,
				ACC21DAB3AC0D4B5B7B91839F463BA8F /* ListNetworkResp.swift */,
				A42372690352E9BF16EB2798B4DE27CA /* SaveNetworkReq.swift */,
				12B59D914CCF7DA37C8E2F15747D6A0E /* SaveNetworkResp.swift */,
			);
			path = NetworkConfig;
			sourceTree = "<group>";
		};
		62EA0340AEE31956CB74B8373C408627 /* Pods */ = {
			isa = PBXGroup;
			children = (
				252DDE84759D027E766B3CD268CD0C06 /* Pods-FreeRTOSDemo.debug.xcconfig */,
				9704E58A7E5788430932B16BBABA4993 /* Pods-FreeRTOSDemo.release.xcconfig */,
			);
			name = Pods;
			sourceTree = "<group>";
		};
		66C80D97F2501DF82893E392F8A07D61 /* Products */ = {
			isa = PBXGroup;
			children = (
				BE333B9E808FFF51EE04689DB547F6BD /* FreeRTOSDemo.app */,
			);
			name = Products;
			sourceTree = "<group>";
		};
		7DDA01AF3DFAD8EB5ADE86D72F098DB2 /* Amazon */ = {
			isa = PBXGroup;
			children = (
				FA80C2C7809872CB4D5D0A1A2CE4ECC9 /* AmazonConstants.swift */,
			);
			path = Amazon;
			sourceTree = "<group>";
		};
		A8497D5A13D95F06C1A05FF28AA56CD0 /* Extensions */ = {
			isa = PBXGroup;
			children = (
				F6FCD0FFFB826197B583C4D86529DDCE /* CBCharacteristicProperties+Amazon.swift */,
				93590E727C2B43013C17FB7EA3C9F765 /* UITableView+Amazon.swift */,
				A8A8F308C072577E9505853393DA4B1C /* UITextView+Amazon.swift */,
				BFF47CE748702E3C71DB6F9F058710F7 /* UIViewController+Amazon.swift */,
			);
			path = Extensions;
			sourceTree = "<group>";
		};
		B0157445ACD584A9A287DB25DCA97F7D /* FreeRTOSDemo */ = {
			isa = PBXGroup;
			children = (
				7DDA01AF3DFAD8EB5ADE86D72F098DB2 /* Amazon */,
				20BF07F1F33697B6BCE8B24885073877 /* Cells */,
				07917EE14B61211ECC058F7776F8F13E /* Examples */,
				A8497D5A13D95F06C1A05FF28AA56CD0 /* Extensions */,
				B0D77ECA62F9ABBB7AEE0819C6AF26FA /* Support */,
				253620ED0918E4995DD3818EBA67E435 /* UI */,
				6FA3FF38FC0944368242A0BB5C13424D /* AppDelegate.swift */,
				133DA190B200A6A5709D99F4282D9EA5 /* DebugViewController.swift */,
				6A0786A05DF5D53043D262D62B19E760 /* DevicesViewController.swift */,
			);
			path = FreeRTOSDemo;
			sourceTree = "<group>";
		};
		B0D77ECA62F9ABBB7AEE0819C6AF26FA /* Support */ = {
			isa = PBXGroup;
			children = (
				DFE59A42DD2B47C4DCD96E4398E45783 /* Fonts */,
				FA4D439731E2210306AA0AF3B2F3FA16 /* Assets.xcassets */,
				584B64D9B0C22B53F95A69ECD8F24A12 /* Colors.xcassets */,
				F8BFE72A7CD0207895B7498886AD0B7B /* Info.plist */,
				5E6332F45A02390D176BB0FD0318AC7F /* Settings.bundle */,
				35D8B9F080CCE671BCECEB2176F15583 /* awsconfiguration.json */,
			);
			path = Support;
			sourceTree = "<group>";
		};
		C95EE6CFA1984C5DE585991A16BFBCA6 /* DeviceInfo */ = {
			isa = PBXGroup;
			children = (
				8C8862404A7A63AB727875D96C7DE1FF /* AfrVersion.swift */,
				2D6906BD1B2867B7E0F1B625D94E203D /* BrokerEndpoint.swift */,
				EC135C8135B9A0ECBA51618CEB2BAF4F /* Mtu.swift */,
			);
			path = DeviceInfo;
			sourceTree = "<group>";
		};
		D2E181107D089EAC411B1A9ADFF2C70B /* Services */ = {
			isa = PBXGroup;
			children = (
				C95EE6CFA1984C5DE585991A16BFBCA6 /* DeviceInfo */,
				F8CFCC41961CE11F0ACD320D7BB5146A /* MqttProxy */,
				4C7BDCF9731C0C593BF3FD25A48B065A /* NetworkConfig */,
			);
			path = Services;
			sourceTree = "<group>";
		};
		D60A2F555C7314C68007BCA0B45B4332 /* Control */ = {
			isa = PBXGroup;
			children = (
				C67D4DEBECFEEA5788A2F7D8844E3D51 /* Control.swift */,
			);
			path = Control;
			sourceTree = "<group>";
		};
		DFE59A42DD2B47C4DCD96E4398E45783 /* Fonts */ = {
			isa = PBXGroup;
			children = (
				BA10183734CF117A0A18236A1E170C1A /* AmazonEmber_Bd.ttf */,
				AE44C0FD8945D98C4D57825AF9276407 /* AmazonEmber_Md.ttf */,
				311E38F361B340FB28F8554752A71BB0 /* AmazonEmber_Rg.ttf */,
			);
			path = Fonts;
			sourceTree = "<group>";
		};
		F8CFCC41961CE11F0ACD320D7BB5146A /* MqttProxy */ = {
			isa = PBXGroup;
			children = (
				D60A2F555C7314C68007BCA0B45B4332 /* Control */,
				D84F813C1DD9D9C666F4F3C392E8BC15 /* Connack.swift */,
				A955B83CB09AED121FF4718D708262CE /* Connect.swift */,
				6CB2882E88B5073A2BBA7C24CEEC7C60 /* Disconnect.swift */,
				E12B2EE8FC9F0B2EEE7B5F846542F2F2 /* MqttProxyMessage.swift */,
				3F5659FCD07EC47F30AF20182D6DC92D /* Puback.swift */,
				1D3BCD213B237F2F28B1B0E2ED4D3E36 /* Publish.swift */,
				1DBDAC4F38BDD1798D5242DE254D18CD /* Suback.swift */,
				CC660B745669D216FBA734FCC341F5A5 /* Subscribe.swift */,
				A29E5911E8040860E0EB4F98F8AFB6FD /* Unsuback.swift */,
				074AC4E6352A07316C7CD7F6E5E11963 /* Unsubscribe.swift */,
			);
			path = MqttProxy;
			sourceTree = "<group>";
		};
		FE7A9448CAB92636AC548FB3632DB544 /* Extensions */ = {
			isa = PBXGroup;
			children = (
				7D5500F02656AA84E75DC4C3E7139E78 /* Array+FreeRTOS.swift */,
				9095407FECAF68D07B7F880FF6EAB420 /* CBPeripheral+FreeRTOS.swift */,
				0DE6D29474AF445343421EB0492A5A8F /* CBService+FreeRTOS.swift */,
				95EE3F192885CC9A3D85137E015021FB /* NSNotification.Name+FreeRTOS.swift */,
				651E602950886A9AC46A5874ED0994CC /* String+FreeRTOS.swift */,
			);
			path = Extensions;
			sourceTree = "<group>";
		};
/* End PBXGroup section */

/* Begin PBXNativeTarget section */
		D85E63696D18747EA49B79B890C75FF2 /* FreeRTOSDemo */ = {
			isa = PBXNativeTarget;
			buildConfigurationList = 252E0365C05DA30353656C1AA5ED8F00 /* Build configuration list for PBXNativeTarget "FreeRTOSDemo" */;
			buildPhases = (
				18B32BE867C1B33E7412E38FE9DC9BE2 /* [CP] Check Pods Manifest.lock */,
				B00F1601D9CD097AA86E2D489303016D /* [AMAZON] License Plist */,
				1D2E46268C56B2082C8C68649802E3B4 /* [AMAZON] Swift Format */,
				429C77E2F333A713665029A647B33F29 /* [AMAZON] Swift Lint */,
				A3FC522B8567DCAA6D13D8EFD9D551ED /* Sources */,
				67819881C61269212CDEB2E02AF9B827 /* Frameworks */,
				E6BF4E3A243105EDFE7FF5BD0B0D9D86 /* Resources */,
				5FD2F1DB65AB74D6BA13DAC6ADE3DFDB /* [CP] Embed Pods Frameworks */,
			);
			buildRules = (
			);
			dependencies = (
			);
			name = FreeRTOSDemo;
			productName = FreeROTSDemo;
			productReference = BE333B9E808FFF51EE04689DB547F6BD /* FreeRTOSDemo.app */;
			productType = "com.apple.product-type.application";
		};
/* End PBXNativeTarget section */

/* Begin PBXProject section */
		33651CDD45FEA8CB1634035998F5106E /* Project object */ = {
			isa = PBXProject;
			attributes = {
				LastSwiftUpdateCheck = 0940;
				LastUpgradeCheck = 0940;
				ORGANIZATIONNAME = "Amazon Web Services, Inc.";
				TargetAttributes = {
					D85E63696D18747EA49B79B890C75FF2 = {
						CreatedOnToolsVersion = 9.4.1;
						LastSwiftMigration = 1000;
						SystemCapabilities = {
							com.apple.BackgroundModes = {
								enabled = 1;
							};
						};
					};
				};
			};
			buildConfigurationList = 653957CCAE2E8FAC6A7D50606CC75C1B /* Build configuration list for PBXProject "FreeRTOSDemo" */;
			compatibilityVersion = "Xcode 9.3";
			developmentRegion = en;
			hasScannedForEncodings = 0;
			knownRegions = (
				en,
				Base,
			);
			mainGroup = 1161E8FC70D38A67D26A82806979F7A5;
			productRefGroup = 66C80D97F2501DF82893E392F8A07D61 /* Products */;
			projectDirPath = "";
			projectRoot = "";
			targets = (
				D85E63696D18747EA49B79B890C75FF2 /* FreeRTOSDemo */,
			);
		};
/* End PBXProject section */

/* Begin PBXResourcesBuildPhase section */
		E6BF4E3A243105EDFE7FF5BD0B0D9D86 /* Resources */ = {
			isa = PBXResourcesBuildPhase;
			buildActionMask = 2147483647;
			files = (
				5D87F79908DFD65D830F425D160D22B3 /* AmazonEmber_Bd.ttf in Resources */,
				1D6B6D44AFA7AF2E3DB0FA0A047267BC /* AmazonEmber_Md.ttf in Resources */,
				CBF5A354D9C7B93F78B571BF00EEFF02 /* AmazonEmber_Rg.ttf in Resources */,
				C2B85FA25877F8309996D9D34ADB706D /* Assets.xcassets in Resources */,
				EB606D500CB262E45D012FA7D8403937 /* Colors.xcassets in Resources */,
				EAE8EE450942F0842742516F335AA2F9 /* LaunchScreen.storyboard in Resources */,
				214E646021780477BAA912606ADA67C7 /* Main.storyboard in Resources */,
				95AABE45CE595F6671A8BC3ED5543E84 /* Settings.bundle in Resources */,
				E6ADDCCD80600477946E503F89C4978C /* awsconfiguration.json in Resources */,
			);
			runOnlyForDeploymentPostprocessing = 0;
		};
/* End PBXResourcesBuildPhase section */

/* Begin PBXShellScriptBuildPhase section */
		18B32BE867C1B33E7412E38FE9DC9BE2 /* [CP] Check Pods Manifest.lock */ = {
			isa = PBXShellScriptBuildPhase;
			buildActionMask = 2147483647;
			files = (
			);
			inputPaths = (
				"${PODS_PODFILE_DIR_PATH}/Podfile.lock",
				"${PODS_ROOT}/Manifest.lock",
			);
			name = "[CP] Check Pods Manifest.lock";
			outputPaths = (
				"$(DERIVED_FILE_DIR)/Pods-FreeRTOSDemo-checkManifestLockResult.txt",
			);
			runOnlyForDeploymentPostprocessing = 0;
			shellPath = /bin/sh;
			shellScript = "diff \"${PODS_PODFILE_DIR_PATH}/Podfile.lock\" \"${PODS_ROOT}/Manifest.lock\" > /dev/null\nif [ $? != 0 ] ; then\n    # print error to STDERR\n    echo \"error: The sandbox is not in sync with the Podfile.lock. Run 'pod install' or update your CocoaPods installation.\" >&2\n    exit 1\nfi\n# This output is used by Xcode 'outputs' to avoid re-running this script phase.\necho \"SUCCESS\" > \"${SCRIPT_OUTPUT_FILE_0}\"\n";
			showEnvVarsInLog = 0;
		};
		1D2E46268C56B2082C8C68649802E3B4 /* [AMAZON] Swift Format */ = {
			isa = PBXShellScriptBuildPhase;
			buildActionMask = 2147483647;
			files = (
			);
			inputPaths = (
			);
			name = "[AMAZON] Swift Format";
			outputPaths = (
			);
			runOnlyForDeploymentPostprocessing = 0;
			shellPath = /bin/sh;
			shellScript = "\"${SRCROOT}/Scripts/swift-format.sh\"\n";
		};
		429C77E2F333A713665029A647B33F29 /* [AMAZON] Swift Lint */ = {
			isa = PBXShellScriptBuildPhase;
			buildActionMask = 2147483647;
			files = (
			);
			inputPaths = (
			);
			name = "[AMAZON] Swift Lint";
			outputPaths = (
			);
			runOnlyForDeploymentPostprocessing = 0;
			shellPath = /bin/sh;
			shellScript = "\"${SRCROOT}/Scripts/swift-lint.sh\"\n";
		};
		5FD2F1DB65AB74D6BA13DAC6ADE3DFDB /* [CP] Embed Pods Frameworks */ = {
			isa = PBXShellScriptBuildPhase;
			buildActionMask = 2147483647;
			files = (
			);
			inputPaths = (
				"${SRCROOT}/Pods/Target Support Files/Pods-FreeRTOSDemo/Pods-FreeRTOSDemo-frameworks.sh",
				"${BUILT_PRODUCTS_DIR}/AWSAuthCore/AWSAuthCore.framework",
				"${BUILT_PRODUCTS_DIR}/AWSAuthUI/AWSAuthUI.framework",
				"${BUILT_PRODUCTS_DIR}/AWSCognitoIdentityProvider/AWSCognitoIdentityProvider.framework",
				"${BUILT_PRODUCTS_DIR}/AWSCognitoIdentityProviderASF/AWSCognitoIdentityProviderASF.framework",
				"${BUILT_PRODUCTS_DIR}/AWSCore/AWSCore.framework",
				"${BUILT_PRODUCTS_DIR}/AWSIoT/AWSIoT.framework",
				"${BUILT_PRODUCTS_DIR}/AWSMobileClient/AWSMobileClient.framework",
				"${BUILT_PRODUCTS_DIR}/AWSUserPoolsSignIn/AWSUserPoolsSignIn.framework",
				"${BUILT_PRODUCTS_DIR}/Alertift/Alertift.framework",
			);
			name = "[CP] Embed Pods Frameworks";
			outputPaths = (
				"${TARGET_BUILD_DIR}/${FRAMEWORKS_FOLDER_PATH}/AWSAuthCore.framework",
				"${TARGET_BUILD_DIR}/${FRAMEWORKS_FOLDER_PATH}/AWSAuthUI.framework",
				"${TARGET_BUILD_DIR}/${FRAMEWORKS_FOLDER_PATH}/AWSCognitoIdentityProvider.framework",
				"${TARGET_BUILD_DIR}/${FRAMEWORKS_FOLDER_PATH}/AWSCognitoIdentityProviderASF.framework",
				"${TARGET_BUILD_DIR}/${FRAMEWORKS_FOLDER_PATH}/AWSCore.framework",
				"${TARGET_BUILD_DIR}/${FRAMEWORKS_FOLDER_PATH}/AWSIoT.framework",
				"${TARGET_BUILD_DIR}/${FRAMEWORKS_FOLDER_PATH}/AWSMobileClient.framework",
				"${TARGET_BUILD_DIR}/${FRAMEWORKS_FOLDER_PATH}/AWSUserPoolsSignIn.framework",
				"${TARGET_BUILD_DIR}/${FRAMEWORKS_FOLDER_PATH}/Alertift.framework",
			);
			runOnlyForDeploymentPostprocessing = 0;
			shellPath = /bin/sh;
			shellScript = "\"${SRCROOT}/Pods/Target Support Files/Pods-FreeRTOSDemo/Pods-FreeRTOSDemo-frameworks.sh\"\n";
			showEnvVarsInLog = 0;
		};
		B00F1601D9CD097AA86E2D489303016D /* [AMAZON] License Plist */ = {
			isa = PBXShellScriptBuildPhase;
			buildActionMask = 2147483647;
			files = (
			);
			inputPaths = (
			);
			name = "[AMAZON] License Plist";
			outputPaths = (
			);
			runOnlyForDeploymentPostprocessing = 0;
			shellPath = /bin/sh;
			shellScript = "\"${SRCROOT}/Scripts/license-plist.sh\"\n";
		};
/* End PBXShellScriptBuildPhase section */

/* Begin PBXSourcesBuildPhase section */
		A3FC522B8567DCAA6D13D8EFD9D551ED /* Sources */ = {
			isa = PBXSourcesBuildPhase;
			buildActionMask = 2147483647;
			files = (
				0C9A066B63B652550BC5360194A8CCA4 /* AWSAfrConstants.swift in Sources */,
				89E4FDB44588270878F47FA3AB20385C /* AWSAfrEnums.swift in Sources */,
				B2BF4BB5AC5462E4ED21E9B6016F7B0C /* AWSAfrManager.swift in Sources */,
				0479E5CCB58C1ACF558A6FDA565F0B8C /* AfrVersion.swift in Sources */,
				10FA1F0C6C8472294966C16009616D47 /* AmazonConstants.swift in Sources */,
				C06D0DB11F1A0F0FC2FE7DBCAD8D4273 /* AppDelegate.swift in Sources */,
				015BC2FEFF42FD7BE5C2C356DC295B74 /* Array+FreeRTOS.swift in Sources */,
				E9762AE90E1415C72DB06EFC73E16074 /* BrokerEndpoint.swift in Sources */,
				4C3153B65674FA023B794CB9E5A77863 /* CBCharacteristicProperties+Amazon.swift in Sources */,
				13E4977B36A1AE085DF3D84AE0E68B03 /* CBPeripheral+FreeRTOS.swift in Sources */,
				8EB16544C4483D7B695BB37CA57ED695 /* CBService+FreeRTOS.swift in Sources */,
				B97C3992CE70C234A21BB0092AE3F5B1 /* CharacteristicCell.swift in Sources */,
				FE058478842C8D725378A7434240748E /* Connack.swift in Sources */,
				0E63FFA7511A8BC465485C008E8EAF13 /* Connect.swift in Sources */,
				2F08B55D383574E33A1C820C3BE6A24D /* Control.swift in Sources */,
				BF039AC4F1C6B07BE91D449BA884A923 /* CustomGattMqttViewController.swift in Sources */,
				1C4FAE40D8616B2026107D1EC91BC97F /* DebugViewController.swift in Sources */,
				E7EFA4C427D200CB637CB3D527ECD344 /* DeleteNetworkReq.swift in Sources */,
				0D6C8B6E2A192EC049ADD1AF51DF1E40 /* DeleteNetworkResp.swift in Sources */,
				4EA5543FE45C1F7E4884541646537BCD /* DeviceCell.swift in Sources */,
				6DA5FCB986601C0E96C5CE507FFC65C8 /* DevicesViewController.swift in Sources */,
				9B5D74EB20E82431414DDCA5C0BD91D7 /* Disconnect.swift in Sources */,
				D715CA01202DD6D84106FD84F8722C3E /* EditNetworkReq.swift in Sources */,
				4D16CF4CDCC4219ADCD6B69AC4280722 /* EditNetworkResp.swift in Sources */,
				F00FC0106A6305FB87DD244E20F40EE7 /* ListNetworkReq.swift in Sources */,
				3ED9F395F30657E24B68A721CDDECD81 /* ListNetworkResp.swift in Sources */,
				CCA706FE4248C4B57E927F2FEF11D0F1 /* MqttProxyMessage.swift in Sources */,
				A7EA94581A5190911DC3163316873554 /* MqttProxyViewController.swift in Sources */,
				DF17A84C20EF934843C1D60BCC22E83A /* Mtu.swift in Sources */,
				2538C3982430DF5B17BB98B6AE09E346 /* NSNotification.Name+FreeRTOS.swift in Sources */,
				9E77809B53202D4FCC596E4EF281876C /* NetworkCell.swift in Sources */,
				15A1738D7B5E4992F4706E210C70CA1E /* NetworkConfigViewController.swift in Sources */,
				AA1CB3CB26D70896AF675BC79DD7B9F4 /* Puback.swift in Sources */,
				6A9F7BA7E1DBD5C95BC12454767E2D7F /* Publish.swift in Sources */,
				7853D7F4D060F2DD9AF4FDB303EDB79F /* SaveNetworkReq.swift in Sources */,
				FC35B3ED9D35AD9E0567BE8168116448 /* SaveNetworkResp.swift in Sources */,
				F87848DB37BE31D8343C1D7261021351 /* SectionHeaderCell.swift in Sources */,
				06EDC5B6BDA6EF2D0F6D666C0DDD867B /* String+FreeRTOS.swift in Sources */,
				7176DEA3DF649CF92D6FB8A477427422 /* Suback.swift in Sources */,
				1DDC83343260ECD7970ED7EEC9EC52FE /* Subscribe.swift in Sources */,
				12598519358F9A6D11967CB917370A0A /* UITableView+Amazon.swift in Sources */,
				6504066E97C2D20B55A920095DA58D3C /* UITextView+Amazon.swift in Sources */,
				39622E7079740602A4643426C8F6E446 /* UIViewController+Amazon.swift in Sources */,
				EE05A88EBE393361FAA4D83EED0DA4E8 /* Unsuback.swift in Sources */,
				A762932767FBE1451F2CE2655BCCAF42 /* Unsubscribe.swift in Sources */,
			);
			runOnlyForDeploymentPostprocessing = 0;
		};
/* End PBXSourcesBuildPhase section */

/* Begin PBXVariantGroup section */
		05D08B3E693E7A42097EC1BF6FA8716A /* Main.storyboard */ = {
			isa = PBXVariantGroup;
			children = (
				F3C3D30606E1AC390C90FF46D434DD37 /* Base */,
			);
			name = Main.storyboard;
			sourceTree = "<group>";
		};
		E33CC968574D3BC63AEE0CF17176FD2D /* LaunchScreen.storyboard */ = {
			isa = PBXVariantGroup;
			children = (
				7E82C693FF20BBCC700D73543C9C57C1 /* Base */,
			);
			name = LaunchScreen.storyboard;
			sourceTree = "<group>";
		};
/* End PBXVariantGroup section */

/* Begin XCBuildConfiguration section */
		0CBDD97531BCA4E57729940884DE2991 /* Release */ = {
			isa = XCBuildConfiguration;
			baseConfigurationReference = 9704E58A7E5788430932B16BBABA4993 /* Pods-FreeRTOSDemo.release.xcconfig */;
			buildSettings = {
				ASSETCATALOG_COMPILER_APPICON_NAME = AppIcon;
				CODE_SIGN_STYLE = Automatic;
				DEVELOPMENT_TEAM = 94KV3E626L;
				INFOPLIST_FILE = "$(SRCROOT)/FreeRTOSDemo/Support/Info.plist";
				IPHONEOS_DEPLOYMENT_TARGET = 11.0;
				LD_RUNPATH_SEARCH_PATHS = (
					"$(inherited)",
					"@executable_path/Frameworks",
				);
				PRODUCT_BUNDLE_IDENTIFIER = com.amazonaws.freertos.demo;
				PRODUCT_NAME = "$(TARGET_NAME)";
				SWIFT_VERSION = 4.2;
				TARGETED_DEVICE_FAMILY = "1,2";
			};
			name = Release;
		};
		23ADC7FF54D0345395A57E33EC47BC07 /* Release */ = {
			isa = XCBuildConfiguration;
			buildSettings = {
				ALWAYS_SEARCH_USER_PATHS = NO;
				CLANG_ANALYZER_GCD_PERFORMANCE = YES;
				CLANG_ANALYZER_LOCALIZABILITY_EMPTY_CONTEXT = YES;
				CLANG_ANALYZER_LOCALIZABILITY_NONLOCALIZED = YES;
				CLANG_ANALYZER_NONNULL = YES;
				CLANG_ANALYZER_NUMBER_OBJECT_CONVERSION = YES_AGGRESSIVE;
				CLANG_ANALYZER_SECURITY_FLOATLOOPCOUNTER = YES;
				CLANG_ANALYZER_SECURITY_INSECUREAPI_RAND = YES;
				CLANG_ANALYZER_SECURITY_INSECUREAPI_STRCPY = YES;
				CLANG_CXX_LANGUAGE_STANDARD = "gnu++17";
				CLANG_CXX_LIBRARY = "libc++";
				CLANG_ENABLE_MODULES = YES;
				CLANG_ENABLE_OBJC_ARC = YES;
				CLANG_ENABLE_OBJC_WEAK = YES;
				CLANG_WARN_BLOCK_CAPTURE_AUTORELEASING = YES;
				CLANG_WARN_BOOL_CONVERSION = YES;
				CLANG_WARN_COMMA = YES;
				CLANG_WARN_CONSTANT_CONVERSION = YES;
				CLANG_WARN_DEPRECATED_OBJC_IMPLEMENTATIONS = YES;
				CLANG_WARN_DIRECT_OBJC_ISA_USAGE = YES_ERROR;
				CLANG_WARN_DOCUMENTATION_COMMENTS = YES;
				CLANG_WARN_EMPTY_BODY = YES;
				CLANG_WARN_ENUM_CONVERSION = YES;
				CLANG_WARN_INFINITE_RECURSION = YES;
				CLANG_WARN_INT_CONVERSION = YES;
				CLANG_WARN_NON_LITERAL_NULL_CONVERSION = YES;
				CLANG_WARN_OBJC_IMPLICIT_RETAIN_SELF = YES;
				CLANG_WARN_OBJC_LITERAL_CONVERSION = YES;
				CLANG_WARN_OBJC_ROOT_CLASS = YES_ERROR;
				CLANG_WARN_RANGE_LOOP_ANALYSIS = YES;
				CLANG_WARN_STRICT_PROTOTYPES = YES;
				CLANG_WARN_SUSPICIOUS_MOVE = YES;
				CLANG_WARN_UNGUARDED_AVAILABILITY = YES_AGGRESSIVE;
				CLANG_WARN_UNREACHABLE_CODE = YES;
				CLANG_WARN__DUPLICATE_METHOD_MATCH = YES;
				CODE_SIGN_IDENTITY = "iPhone Developer";
				COPY_PHASE_STRIP = NO;
				ENABLE_NS_ASSERTIONS = NO;
				ENABLE_STRICT_OBJC_MSGSEND = YES;
				GCC_C_LANGUAGE_STANDARD = gnu11;
				GCC_NO_COMMON_BLOCKS = YES;
				GCC_WARN_64_TO_32_BIT_CONVERSION = YES;
				GCC_WARN_ABOUT_RETURN_TYPE = YES_ERROR;
				GCC_WARN_UNDECLARED_SELECTOR = YES;
				GCC_WARN_UNINITIALIZED_AUTOS = YES_AGGRESSIVE;
				GCC_WARN_UNUSED_FUNCTION = YES;
				GCC_WARN_UNUSED_VARIABLE = YES;
				IPHONEOS_DEPLOYMENT_TARGET = 11.0;
				LLVM_LTO = YES_THIN;
				MTL_ENABLE_DEBUG_INFO = NO;
				RUN_CLANG_STATIC_ANALYZER = YES;
				SDKROOT = iphoneos;
				SWIFT_COMPILATION_MODE = wholemodule;
				SWIFT_OPTIMIZATION_LEVEL = "-O";
				VALIDATE_PRODUCT = YES;
			};
			name = Release;
		};
		B99402403CF34FFD91A0C40505530122 /* Debug */ = {
			isa = XCBuildConfiguration;
			buildSettings = {
				ALWAYS_SEARCH_USER_PATHS = NO;
				CLANG_ANALYZER_GCD_PERFORMANCE = YES;
				CLANG_ANALYZER_LOCALIZABILITY_EMPTY_CONTEXT = YES;
				CLANG_ANALYZER_LOCALIZABILITY_NONLOCALIZED = YES;
				CLANG_ANALYZER_NONNULL = YES;
				CLANG_ANALYZER_NUMBER_OBJECT_CONVERSION = YES_AGGRESSIVE;
				CLANG_ANALYZER_SECURITY_FLOATLOOPCOUNTER = YES;
				CLANG_ANALYZER_SECURITY_INSECUREAPI_RAND = YES;
				CLANG_ANALYZER_SECURITY_INSECUREAPI_STRCPY = YES;
				CLANG_CXX_LANGUAGE_STANDARD = "gnu++17";
				CLANG_CXX_LIBRARY = "libc++";
				CLANG_ENABLE_MODULES = YES;
				CLANG_ENABLE_OBJC_ARC = YES;
				CLANG_ENABLE_OBJC_WEAK = YES;
				CLANG_WARN_BLOCK_CAPTURE_AUTORELEASING = YES;
				CLANG_WARN_BOOL_CONVERSION = YES;
				CLANG_WARN_COMMA = YES;
				CLANG_WARN_CONSTANT_CONVERSION = YES;
				CLANG_WARN_DEPRECATED_OBJC_IMPLEMENTATIONS = YES;
				CLANG_WARN_DIRECT_OBJC_ISA_USAGE = YES_ERROR;
				CLANG_WARN_DOCUMENTATION_COMMENTS = YES;
				CLANG_WARN_EMPTY_BODY = YES;
				CLANG_WARN_ENUM_CONVERSION = YES;
				CLANG_WARN_INFINITE_RECURSION = YES;
				CLANG_WARN_INT_CONVERSION = YES;
				CLANG_WARN_NON_LITERAL_NULL_CONVERSION = YES;
				CLANG_WARN_OBJC_IMPLICIT_RETAIN_SELF = YES;
				CLANG_WARN_OBJC_LITERAL_CONVERSION = YES;
				CLANG_WARN_OBJC_ROOT_CLASS = YES_ERROR;
				CLANG_WARN_RANGE_LOOP_ANALYSIS = YES;
				CLANG_WARN_STRICT_PROTOTYPES = YES;
				CLANG_WARN_SUSPICIOUS_MOVE = YES;
				CLANG_WARN_UNGUARDED_AVAILABILITY = YES_AGGRESSIVE;
				CLANG_WARN_UNREACHABLE_CODE = YES;
				CLANG_WARN__DUPLICATE_METHOD_MATCH = YES;
				CODE_SIGN_IDENTITY = "iPhone Developer";
				COPY_PHASE_STRIP = NO;
				ENABLE_STRICT_OBJC_MSGSEND = YES;
				ENABLE_TESTABILITY = YES;
				GCC_C_LANGUAGE_STANDARD = gnu11;
				GCC_DYNAMIC_NO_PIC = NO;
				GCC_NO_COMMON_BLOCKS = YES;
				GCC_OPTIMIZATION_LEVEL = 0;
				GCC_PREPROCESSOR_DEFINITIONS = (
					"DEBUG=1",
					"$(inherited)",
				);
				GCC_WARN_64_TO_32_BIT_CONVERSION = YES;
				GCC_WARN_ABOUT_RETURN_TYPE = YES_ERROR;
				GCC_WARN_UNDECLARED_SELECTOR = YES;
				GCC_WARN_UNINITIALIZED_AUTOS = YES_AGGRESSIVE;
				GCC_WARN_UNUSED_FUNCTION = YES;
				GCC_WARN_UNUSED_VARIABLE = YES;
				IPHONEOS_DEPLOYMENT_TARGET = 11.0;
				LLVM_LTO = YES_THIN;
				MTL_ENABLE_DEBUG_INFO = YES;
				ONLY_ACTIVE_ARCH = YES;
				RUN_CLANG_STATIC_ANALYZER = YES;
				SDKROOT = iphoneos;
				SWIFT_ACTIVE_COMPILATION_CONDITIONS = DEBUG;
				SWIFT_OPTIMIZATION_LEVEL = "-Onone";
			};
			name = Debug;
		};
		D3FBB49AC783910A20D0F1CBC5AC2AB9 /* Debug */ = {
			isa = XCBuildConfiguration;
			baseConfigurationReference = 252DDE84759D027E766B3CD268CD0C06 /* Pods-FreeRTOSDemo.debug.xcconfig */;
			buildSettings = {
				ASSETCATALOG_COMPILER_APPICON_NAME = AppIcon;
				CODE_SIGN_STYLE = Automatic;
				DEVELOPMENT_TEAM = 94KV3E626L;
				INFOPLIST_FILE = "$(SRCROOT)/FreeRTOSDemo/Support/Info.plist";
				IPHONEOS_DEPLOYMENT_TARGET = 11.0;
				LD_RUNPATH_SEARCH_PATHS = (
					"$(inherited)",
					"@executable_path/Frameworks",
				);
				PRODUCT_BUNDLE_IDENTIFIER = com.amazonaws.freertos.demo;
				PRODUCT_NAME = "$(TARGET_NAME)";
				SWIFT_VERSION = 4.2;
				TARGETED_DEVICE_FAMILY = "1,2";
			};
			name = Debug;
		};
/* End XCBuildConfiguration section */

/* Begin XCConfigurationList section */
		252E0365C05DA30353656C1AA5ED8F00 /* Build configuration list for PBXNativeTarget "FreeRTOSDemo" */ = {
			isa = XCConfigurationList;
			buildConfigurations = (
				D3FBB49AC783910A20D0F1CBC5AC2AB9 /* Debug */,
				0CBDD97531BCA4E57729940884DE2991 /* Release */,
			);
			defaultConfigurationIsVisible = 0;
			defaultConfigurationName = Release;
		};
		653957CCAE2E8FAC6A7D50606CC75C1B /* Build configuration list for PBXProject "FreeRTOSDemo" */ = {
			isa = XCConfigurationList;
			buildConfigurations = (
				B99402403CF34FFD91A0C40505530122 /* Debug */,
				23ADC7FF54D0345395A57E33EC47BC07 /* Release */,
			);
			defaultConfigurationIsVisible = 0;
			defaultConfigurationName = Release;
		};
/* End XCConfigurationList section */
	};
	rootObject = 33651CDD45FEA8CB1634035998F5106E /* Project object */;
}
