PODS:
  - Alertift (4.1.1)
  - AmazonFreeRTOS (1.0.0):
    - AWSIoT
  - AWSAuthCore (2.12.5):
    - AWSCore (= 2.12.5)
  - AWSAuthUI (2.12.5):
    - AWSAuthCore (= 2.12.5)
    - AWSCore (= 2.12.5)
  - AWSCognitoIdentityProvider (2.12.5):
    - AWSCognitoIdentityProviderASF (= 1.0.1)
    - AWSCore (= 2.12.5)
  - AWSCognitoIdentityProviderASF (1.0.1)
  - AWSCore (2.12.5)
  - AWSIoT (2.12.5):
    - AWSCore (= 2.12.5)
  - AWSMobileClient (2.12.5):
    - AWSAuthCore (= 2.12.5)
    - AWSCognitoIdentityProvider (= 2.12.5)
  - AWSUserPoolsSignIn (2.12.5):
    - AWSAuthCore (= 2.12.5)
    - AWSCognitoIdentityProvider (= 2.12.5)
  - LicensePlist (2.11.4)
  - SwiftFormat/CLI (0.43.5)
  - SwiftLint (0.38.2)

DEPENDENCIES:
  - Alertift
  - AmazonFreeRTOS (from `../../`)
  - AWSAuthUI
  - AWSMobileClient
  - AWSUserPoolsSignIn
  - LicensePlist
  - SwiftFormat/CLI
  - SwiftLint

SPEC REPOS:
  trunk:
    - Alertift
    - AWSAuthCore
    - AWSAuthUI
    - AWSCognitoIdentityProvider
    - AWSCognitoIdentityProviderASF
    - AWSCore
    - AWSIoT
    - AWSMobileClient
    - AWSUserPoolsSignIn
    - LicensePlist
    - SwiftFormat
    - SwiftLint

EXTERNAL SOURCES:
  AmazonFreeRTOS:
    :path: "../../"

SPEC CHECKSUMS:
  Alertift: 950483ca193717cc8bb508a7dbbe34f4af321daf
  AmazonFreeRTOS: 863723e3e367fa183f316323b22b2c41ed808f30
  AWSAuthCore: 6b81b748f2fc0b315cda0acdf55f3a540eb8f9b7
  AWSAuthUI: 03e83f0a9fab660d43cb57e2fe073965737b910a
  AWSCognitoIdentityProvider: 7c8cbd6477fd84ccce33a349a46fb44d07edb252
  AWSCognitoIdentityProviderASF: f94f1a502e72ef3d0a1de93e10bf7a79c8698118
  AWSCore: 543d1c281ad08401d0a99e181526aa529051a8ad
  AWSIoT: 09549f30b376fc08c125f78757fbf4df7d4c94d9
  AWSMobileClient: 5ce94de58005c3042e99d51c2e6bec7956ef2b36
  AWSUserPoolsSignIn: 96d6c17f826b2cc9f3232ae96900d8df4b5cee24
  LicensePlist: c33fc7fd031062df4db91e96c78ed39d482f1948
  SwiftFormat: 352ea545e3e13cfd7a449e621c1f3c2e244d4906
  SwiftLint: 8f5d2f903e1c9bcbc832fd16771e80a263ac6cbb

PODFILE CHECKSUM: 93e4028eeb7a2569b77e57e7fccc56afdd5fc9a8

COCOAPODS: 1.8.4
